# THIS IS AN AUTOGENERATED FILE. DO NOT EDIT THIS FILE DIRECTLY.
# yarn lockfile v1


"@types/node@^7.0.18":
  version "7.0.22"
  resolved "https://registry.yarnpkg.com/@types/node/-/node-7.0.22.tgz#4593f4d828bdd612929478ea40c67b4f403ca255"

dd-strict-tsc@^1.0.0:
  version "1.0.0"
  resolved "https://registry.yarnpkg.com/dd-strict-tsc/-/dd-strict-tsc-1.0.0.tgz#93185e570c21df7f8c902088912278dbdd9b84f2"
  dependencies:
    "@types/node" "^7.0.18"
    typescript "~2.1.0"

typescript@~2.1.0:
  version "2.1.6"
  resolved "https://registry.yarnpkg.com/typescript/-/typescript-2.1.6.tgz#40c7e6e9e5da7961b7718b55505f9cac9487a607"
